
Microsoft Visual Studio Solution File, Format Version 12.00
# Visual Studio Version 17
VisualStudioVersion = 17.3.32825.248
MinimumVisualStudioVersion = 10.0.40219.1
Project("{9A19103F-16F7-4668-BE54-9A1E7A4F7556}") = "Warehouse", "Warehouse.csproj", "{D068418A-F0C6-4DE8-89DA-83F88152D9A9}"
EndProject
Project("{FAE04EC0-301F-11D3-BF4B-00C04F79EFBC}") = "Warehouselibrary", "..\warehouselibrary\Warehouselibrary.csproj", "{ACDA3C26-3829-4E33-8BF6-24DBF3D6F48B}"
EndProject
Global
	GlobalSection(SolutionConfigurationPlatforms) = preSolution
		Debug|Any CPU = Debug|Any CPU
		Release|Any CPU = Release|Any CPU
	EndGlobalSection
	GlobalSection(ProjectConfigurationPlatforms) = postSolution
		{D068418A-F0C6-4DE8-89DA-83F88152D9A9}.Debug|Any CPU.ActiveCfg = Debug|Any CPU
		{D068418A-F0C6-4DE8-89DA-83F88152D9A9}.Debug|Any CPU.Build.0 = Debug|Any CPU
		{D068418A-F0C6-4DE8-89DA-83F88152D9A9}.Release|Any CPU.ActiveCfg = Release|Any CPU
		{D068418A-F0C6-4DE8-89DA-83F88152D9A9}.Release|Any CPU.Build.0 = Release|Any CPU
		{ACDA3C26-3829-4E33-8BF6-24DBF3D6F48B}.Debug|Any CPU.ActiveCfg = Debug|Any CPU
		{ACDA3C26-3829-4E33-8BF6-24DBF3D6F48B}.Debug|Any CPU.Build.0 = Debug|Any CPU
		{ACDA3C26-3829-4E33-8BF6-24DBF3D6F48B}.Release|Any CPU.ActiveCfg = Release|Any CPU
		{ACDA3C26-3829-4E33-8BF6-24DBF3D6F48B}.Release|Any CPU.Build.0 = Release|Any CPU
	EndGlobalSection
	GlobalSection(SolutionProperties) = preSolution
		HideSolutionNode = FALSE
	EndGlobalSection
	GlobalSection(ExtensibilityGlobals) = postSolution
		SolutionGuid = {54DADF50-A816-4C6B-995D-6019D1C780E0}
	EndGlobalSection
EndGlobal
